
Microsoft Visual Studio Solution File, Format Version 12.00
# Visual Studio Version 17
VisualStudioVersion = 17.6.33829.357
MinimumVisualStudioVersion = 10.0.40219.1
Project("{FAE04EC0-301F-11D3-BF4B-00C04F79EFBC}") = "LoginBackend", "LoginBackend\LoginBackend.csproj", "{7DC1175B-EF2E-4819-8D97-156933953A96}"
EndProject
Global
	GlobalSection(SolutionConfigurationPlatforms) = preSolution
		Debug|Any CPU = Debug|Any CPU
		Release|Any CPU = Release|Any CPU
	EndGlobalSection
	GlobalSection(ProjectConfigurationPlatforms) = postSolution
		{7DC1175B-EF2E-4819-8D97-156933953A96}.Debug|Any CPU.ActiveCfg = Debug|Any CPU
		{7DC1175B-EF2E-4819-8D97-156933953A96}.Debug|Any CPU.Build.0 = Debug|Any CPU
		{7DC1175B-EF2E-4819-8D97-156933953A96}.Release|Any CPU.ActiveCfg = Release|Any CPU
		{7DC1175B-EF2E-4819-8D97-156933953A96}.Release|Any CPU.Build.0 = Release|Any CPU
	EndGlobalSection
	GlobalSection(SolutionProperties) = preSolution
		HideSolutionNode = FALSE
	EndGlobalSection
	GlobalSection(ExtensibilityGlobals) = postSolution
		SolutionGuid = {19368266-DB5B-4267-BF24-84BC538AB31B}
	EndGlobalSection
EndGlobal
